
Microsoft Visual Studio Solution File, Format Version 12.00
# Visual Studio Version 16
VisualStudioVersion = 16.0.31911.196
MinimumVisualStudioVersion = 10.0.40219.1
Project("{FAE04EC0-301F-11D3-BF4B-00C04F79EFBC}") = "AppHuac.Android", "AppHuac\AppHuac.Android\AppHuac.Android.csproj", "{7C33F338-069D-47DD-8427-32B41EC5BF7F}"
EndProject
Project("{FAE04EC0-301F-11D3-BF4B-00C04F79EFBC}") = "AppHuac.iOS", "AppHuac\AppHuac.iOS\AppHuac.iOS.csproj", "{8F29EBE3-6579-426A-A0DA-E810B72B14CE}"
EndProject
Project("{FAE04EC0-301F-11D3-BF4B-00C04F79EFBC}") = "AppHuac", "AppHuac\AppHuac\AppHuac.csproj", "{838F76CB-576C-4F81-A18C-E847806B7F4B}"
EndProject
Global
	GlobalSection(SolutionConfigurationPlatforms) = preSolution
		Debug|Any CPU = Debug|Any CPU
		Debug|iPhone = Debug|iPhone
		Debug|iPhoneSimulator = Debug|iPhoneSimulator
		Release|Any CPU = Release|Any CPU
		Release|iPhone = Release|iPhone
		Release|iPhoneSimulator = Release|iPhoneSimulator
	EndGlobalSection
	GlobalSection(ProjectConfigurationPlatforms) = postSolution
		{7C33F338-069D-47DD-8427-32B41EC5BF7F}.Debug|Any CPU.ActiveCfg = Debug|Any CPU
		{7C33F338-069D-47DD-8427-32B41EC5BF7F}.Debug|Any CPU.Build.0 = Debug|Any CPU
		{7C33F338-069D-47DD-8427-32B41EC5BF7F}.Debug|Any CPU.Deploy.0 = Debug|Any CPU
		{7C33F338-069D-47DD-8427-32B41EC5BF7F}.Debug|iPhone.ActiveCfg = Debug|Any CPU
		{7C33F338-069D-47DD-8427-32B41EC5BF7F}.Debug|iPhone.Build.0 = Debug|Any CPU
		{7C33F338-069D-47DD-8427-32B41EC5BF7F}.Debug|iPhone.Deploy.0 = Debug|Any CPU
		{7C33F338-069D-47DD-8427-32B41EC5BF7F}.Debug|iPhoneSimulator.ActiveCfg = Debug|Any CPU
		{7C33F338-069D-47DD-8427-32B41EC5BF7F}.Debug|iPhoneSimulator.Build.0 = Debug|Any CPU
		{7C33F338-069D-47DD-8427-32B41EC5BF7F}.Debug|iPhoneSimulator.Deploy.0 = Debug|Any CPU
		{7C33F338-069D-47DD-8427-32B41EC5BF7F}.Release|Any CPU.ActiveCfg = Release|Any CPU
		{7C33F338-069D-47DD-8427-32B41EC5BF7F}.Release|Any CPU.Build.0 = Release|Any CPU
		{7C33F338-069D-47DD-8427-32B41EC5BF7F}.Release|Any CPU.Deploy.0 = Release|Any CPU
		{7C33F338-069D-47DD-8427-32B41EC5BF7F}.Release|iPhone.ActiveCfg = Release|Any CPU
		{7C33F338-069D-47DD-8427-32B41EC5BF7F}.Release|iPhone.Build.0 = Release|Any CPU
		{7C33F338-069D-47DD-8427-32B41EC5BF7F}.Release|iPhone.Deploy.0 = Release|Any CPU
		{7C33F338-069D-47DD-8427-32B41EC5BF7F}.Release|iPhoneSimulator.ActiveCfg = Release|Any CPU
		{7C33F338-069D-47DD-8427-32B41EC5BF7F}.Release|iPhoneSimulator.Build.0 = Release|Any CPU
		{7C33F338-069D-47DD-8427-32B41EC5BF7F}.Release|iPhoneSimulator.Deploy.0 = Release|Any CPU
		{8F29EBE3-6579-426A-A0DA-E810B72B14CE}.Debug|Any CPU.ActiveCfg = Debug|iPhone
		{8F29EBE3-6579-426A-A0DA-E810B72B14CE}.Debug|Any CPU.Build.0 = Debug|iPhone
		{8F29EBE3-6579-426A-A0DA-E810B72B14CE}.Debug|Any CPU.Deploy.0 = Debug|iPhone
		{8F29EBE3-6579-426A-A0DA-E810B72B14CE}.Debug|iPhone.ActiveCfg = Debug|iPhone
		{8F29EBE3-6579-426A-A0DA-E810B72B14CE}.Debug|iPhone.Build.0 = Debug|iPhone
		{8F29EBE3-6579-426A-A0DA-E810B72B14CE}.Debug|iPhone.Deploy.0 = Debug|iPhone
		{8F29EBE3-6579-426A-A0DA-E810B72B14CE}.Debug|iPhoneSimulator.ActiveCfg = Debug|iPhoneSimulator
		{8F29EBE3-6579-426A-A0DA-E810B72B14CE}.Debug|iPhoneSimulator.Build.0 = Debug|iPhoneSimulator
		{8F29EBE3-6579-426A-A0DA-E810B72B14CE}.Debug|iPhoneSimulator.Deploy.0 = Debug|iPhoneSimulator
		{8F29EBE3-6579-426A-A0DA-E810B72B14CE}.Release|Any CPU.ActiveCfg = Release|iPhoneSimulator
		{8F29EBE3-6579-426A-A0DA-E810B72B14CE}.Release|Any CPU.Build.0 = Release|iPhoneSimulator
		{8F29EBE3-6579-426A-A0DA-E810B72B14CE}.Release|Any CPU.Deploy.0 = Release|iPhoneSimulator
		{8F29EBE3-6579-426A-A0DA-E810B72B14CE}.Release|iPhone.ActiveCfg = Release|iPhone
		{8F29EBE3-6579-426A-A0DA-E810B72B14CE}.Release|iPhone.Build.0 = Release|iPhone
		{8F29EBE3-6579-426A-A0DA-E810B72B14CE}.Release|iPhone.Deploy.0 = Release|iPhone
		{8F29EBE3-6579-426A-A0DA-E810B72B14CE}.Release|iPhoneSimulator.ActiveCfg = Release|iPhoneSimulator
		{8F29EBE3-6579-426A-A0DA-E810B72B14CE}.Release|iPhoneSimulator.Build.0 = Release|iPhoneSimulator
		{8F29EBE3-6579-426A-A0DA-E810B72B14CE}.Release|iPhoneSimulator.Deploy.0 = Release|iPhoneSimulator
		{838F76CB-576C-4F81-A18C-E847806B7F4B}.Debug|Any CPU.ActiveCfg = Debug|Any CPU
		{838F76CB-576C-4F81-A18C-E847806B7F4B}.Debug|Any CPU.Build.0 = Debug|Any CPU
		{838F76CB-576C-4F81-A18C-E847806B7F4B}.Debug|Any CPU.Deploy.0 = Debug|Any CPU
		{838F76CB-576C-4F81-A18C-E847806B7F4B}.Debug|iPhone.ActiveCfg = Debug|Any CPU
		{838F76CB-576C-4F81-A18C-E847806B7F4B}.Debug|iPhone.Build.0 = Debug|Any CPU
		{838F76CB-576C-4F81-A18C-E847806B7F4B}.Debug|iPhone.Deploy.0 = Debug|Any CPU
		{838F76CB-576C-4F81-A18C-E847806B7F4B}.Debug|iPhoneSimulator.ActiveCfg = Debug|Any CPU
		{838F76CB-576C-4F81-A18C-E847806B7F4B}.Debug|iPhoneSimulator.Build.0 = Debug|Any CPU
		{838F76CB-576C-4F81-A18C-E847806B7F4B}.Debug|iPhoneSimulator.Deploy.0 = Debug|Any CPU
		{838F76CB-576C-4F81-A18C-E847806B7F4B}.Release|Any CPU.ActiveCfg = Release|Any CPU
		{838F76CB-576C-4F81-A18C-E847806B7F4B}.Release|Any CPU.Build.0 = Release|Any CPU
		{838F76CB-576C-4F81-A18C-E847806B7F4B}.Release|Any CPU.Deploy.0 = Release|Any CPU
		{838F76CB-576C-4F81-A18C-E847806B7F4B}.Release|iPhone.ActiveCfg = Release|Any CPU
		{838F76CB-576C-4F81-A18C-E847806B7F4B}.Release|iPhone.Build.0 = Release|Any CPU
		{838F76CB-576C-4F81-A18C-E847806B7F4B}.Release|iPhone.Deploy.0 = Release|Any CPU
		{838F76CB-576C-4F81-A18C-E847806B7F4B}.Release|iPhoneSimulator.ActiveCfg = Release|Any CPU
		{838F76CB-576C-4F81-A18C-E847806B7F4B}.Release|iPhoneSimulator.Build.0 = Release|Any CPU
		{838F76CB-576C-4F81-A18C-E847806B7F4B}.Release|iPhoneSimulator.Deploy.0 = Release|Any CPU
	EndGlobalSection
	GlobalSection(SolutionProperties) = preSolution
		HideSolutionNode = FALSE
	EndGlobalSection
	GlobalSection(ExtensibilityGlobals) = postSolution
		SolutionGuid = {C98706DD-1D38-4985-9D76-4D6195516A17}
	EndGlobalSection
EndGlobal
